{
  "nodes": {
    "nixos-configs": {
      "flake": false,
      "locked": {
        "lastModified": 1629880963,
        "narHash": "sha256-Lfla5xnDrZ3Ygp8sA2ynt7CwTnjm3z/CBFK/H+e9zH0=",
        "owner": "cleverca22",
        "repo": "nixos-configs",
        "rev": "38d4c65b03e6b6936ee2ac8e6601e03fa053bf80",
        "type": "github"
      },
      "original": {
        "owner": "cleverca22",
        "repo": "nixos-configs",
        "type": "github"
      }
    },
    "nixpkgs": {
      "locked": {
        "lastModified": 1595205001,
        "narHash": "sha256-ZPh9dtbo64k2o6qFlvlwDTW2Yp/Jzab/3BpmYlTO6BI=",
        "owner": "nixos",
        "repo": "nixpkgs",
        "rev": "c32264ef79ffeb807015b66fd6c5c893ba1c8ee9",
        "type": "github"
      },
      "original": {
        "owner": "nixos",
        "repo": "nixpkgs",
        "rev": "c32264ef79ffeb807015b66fd6c5c893ba1c8ee9",
        "type": "github"
      }
    },
    "nixpkgs-old": {
      "flake": false,
      "locked": {
        "lastModified": 1575530988,
        "narHash": "sha256-75RGpE1Q2PpjXLd8b+6BevOWoj3CRHIGjX9t5NHrppY=",
        "owner": "nixos",
        "repo": "nixpkgs",
        "rev": "1451a52a38f2dda459647a5c2628e7c28e17c4dc",
        "type": "github"
      },
      "original": {
        "owner": "nixos",
        "repo": "nixpkgs",
        "rev": "1451a52a38f2dda459647a5c2628e7c28e17c4dc",
        "type": "github"
      }
    },
    "root": {
      "inputs": {
        "nixos-configs": "nixos-configs",
        "nixpkgs": "nixpkgs",
        "nixpkgs-old": "nixpkgs-old",
        "rpi-open-firmware": "rpi-open-firmware"
      }
    },
    "rpi-open-firmware": {
      "flake": false,
      "locked": {
        "lastModified": 1631524268,
        "narHash": "sha256-TrEWW9XvIVZ/hYbp/2mtvmHegZH7bd2Ywdm+ONFPpa4=",
        "owner": "librerpi",
        "repo": "rpi-open-firmware",
        "rev": "dd9e73ac7e02ed53efa7b63eb5a07be50154a464",
        "type": "github"
      },
      "original": {
        "owner": "librerpi",
        "repo": "rpi-open-firmware",
        "type": "github"
      }
    }
  },
  "root": "root",
  "version": 7
}
